
Microsoft Visual Studio Solution File, Format Version 12.00
# Visual Studio Version 17
VisualStudioVersion = 17.8.34511.84
MinimumVisualStudioVersion = 10.0.40219.1
Project("{FAE04EC0-301F-11D3-BF4B-00C04F79EFBC}") = "ASPNETMVCCRUD", "ASPNETMVCCRUD\ASPNETMVCCRUD.csproj", "{052395AE-1162-4D7E-90DC-422FBE8753DE}"
EndProject
Global
	GlobalSection(SolutionConfigurationPlatforms) = preSolution
		Debug|Any CPU = Debug|Any CPU
		Release|Any CPU = Release|Any CPU
	EndGlobalSection
	GlobalSection(ProjectConfigurationPlatforms) = postSolution
		{052395AE-1162-4D7E-90DC-422FBE8753DE}.Debug|Any CPU.ActiveCfg = Debug|Any CPU
		{052395AE-1162-4D7E-90DC-422FBE8753DE}.Debug|Any CPU.Build.0 = Debug|Any CPU
		{052395AE-1162-4D7E-90DC-422FBE8753DE}.Release|Any CPU.ActiveCfg = Release|Any CPU
		{052395AE-1162-4D7E-90DC-422FBE8753DE}.Release|Any CPU.Build.0 = Release|Any CPU
	EndGlobalSection
	GlobalSection(SolutionProperties) = preSolution
		HideSolutionNode = FALSE
	EndGlobalSection
	GlobalSection(ExtensibilityGlobals) = postSolution
		SolutionGuid = {AE7E33F0-7EBF-47CC-B97B-078B72A52E65}
	EndGlobalSection
EndGlobal
